
Microsoft Visual Studio Solution File, Format Version 12.00
# Visual Studio Version 17
VisualStudioVersion = 17.9.34728.123
MinimumVisualStudioVersion = 10.0.40219.1
Project("{FAE04EC0-301F-11D3-BF4B-00C04F79EFBC}") = "Trab1-ParOuImpar", "Trab1-ParOuImpar\Trab1-ParOuImpar.csproj", "{5878A937-1A63-4064-A040-C4ECD6D6CA2D}"
EndProject
Global
	GlobalSection(SolutionConfigurationPlatforms) = preSolution
		Debug|Any CPU = Debug|Any CPU
		Release|Any CPU = Release|Any CPU
	EndGlobalSection
	GlobalSection(ProjectConfigurationPlatforms) = postSolution
		{5878A937-1A63-4064-A040-C4ECD6D6CA2D}.Debug|Any CPU.ActiveCfg = Debug|Any CPU
		{5878A937-1A63-4064-A040-C4ECD6D6CA2D}.Debug|Any CPU.Build.0 = Debug|Any CPU
		{5878A937-1A63-4064-A040-C4ECD6D6CA2D}.Release|Any CPU.ActiveCfg = Release|Any CPU
		{5878A937-1A63-4064-A040-C4ECD6D6CA2D}.Release|Any CPU.Build.0 = Release|Any CPU
	EndGlobalSection
	GlobalSection(SolutionProperties) = preSolution
		HideSolutionNode = FALSE
	EndGlobalSection
	GlobalSection(ExtensibilityGlobals) = postSolution
		SolutionGuid = {945D5691-ED78-4997-A171-C06C78034834}
	EndGlobalSection
EndGlobal
